// !$*UTF8*$!
{
	archiveVersion = 1;
	classes = {
	};
	objectVersion = 46;
	objects = {

/* Begin PBXBuildFile section */
		1EE6D3461F51DAEE00157EA7 /* AppDelegate.swift in Sources */ = {isa = PBXBuildFile; fileRef = 1EE6D3451F51DAEE00157EA7 /* AppDelegate.swift */; };
		1EE6D3481F51DAEE00157EA7 /* ViewController.swift in Sources */ = {isa = PBXBuildFile; fileRef = 1EE6D3471F51DAEE00157EA7 /* ViewController.swift */; };
		1EE6D34B1F51DAEE00157EA7 /* Main.storyboard in Resources */ = {isa = PBXBuildFile; fileRef = 1EE6D3491F51DAEE00157EA7 /* Main.storyboard */; };
		1EE6D34D1F51DAEE00157EA7 /* Assets.xcassets in Resources */ = {isa = PBXBuildFile; fileRef = 1EE6D34C1F51DAEE00157EA7 /* Assets.xcassets */; };
		1EE6D3501F51DAEE00157EA7 /* LaunchScreen.storyboard in Resources */ = {isa = PBXBuildFile; fileRef = 1EE6D34E1F51DAEE00157EA7 /* LaunchScreen.storyboard */; };
		1EE6D35B1F51DAEE00157EA7 /* SpellbookTests.swift in Sources */ = {isa = PBXBuildFile; fileRef = 1EE6D35A1F51DAEE00157EA7 /* SpellbookTests.swift */; };
		1EE6D3661F51DAEE00157EA7 /* SpellbookUITests.swift in Sources */ = {isa = PBXBuildFile; fileRef = 1EE6D3651F51DAEE00157EA7 /* SpellbookUITests.swift */; };
		1EE6D3741F51DB5500157EA7 /* Spell.swift in Sources */ = {isa = PBXBuildFile; fileRef = 1EE6D3731F51DB5500157EA7 /* Spell.swift */; };
		1EE6D3761F51DDD000157EA7 /* DiceRoll.swift in Sources */ = {isa = PBXBuildFile; fileRef = 1EE6D3751F51DDD000157EA7 /* DiceRoll.swift */; };
		3612875D6FE9ED0B35F5D241 /* Pods_Spellbook.framework in Frameworks */ = {isa = PBXBuildFile; fileRef = 9CE69DE08AE4FE2BDB0A1197 /* Pods_Spellbook.framework */; };
		577CAA33A01855A6B033F811 /* Pods_SpellbookUITests.framework in Frameworks */ = {isa = PBXBuildFile; fileRef = A0B8110265EAF2C58658D381 /* Pods_SpellbookUITests.framework */; };
		A68F4C326CB9D146C3E49B42 /* Pods_SpellbookTests.framework in Frameworks */ = {isa = PBXBuildFile; fileRef = 4CBB701E4B52B1A679A9C03F /* Pods_SpellbookTests.framework */; };
/* End PBXBuildFile section */

/* Begin PBXContainerItemProxy section */
		1EE6D3571F51DAEE00157EA7 /* PBXContainerItemProxy */ = {
			isa = PBXContainerItemProxy;
			containerPortal = 1EE6D33A1F51DAEE00157EA7 /* Project object */;
			proxyType = 1;
			remoteGlobalIDString = 1EE6D3411F51DAEE00157EA7;
			remoteInfo = Spellbook;
		};
		1EE6D3621F51DAEE00157EA7 /* PBXContainerItemProxy */ = {
			isa = PBXContainerItemProxy;
			containerPortal = 1EE6D33A1F51DAEE00157EA7 /* Project object */;
			proxyType = 1;
			remoteGlobalIDString = 1EE6D3411F51DAEE00157EA7;
			remoteInfo = Spellbook;
		};
/* End PBXContainerItemProxy section */

/* Begin PBXFileReference section */
		06AFC3473C65E0D201F7C290 /* Pods-Spellbook.release.xcconfig */ = {isa = PBXFileReference; includeInIndex = 1; lastKnownFileType = text.xcconfig; name = "Pods-Spellbook.release.xcconfig"; path = "Pods/Target Support Files/Pods-Spellbook/Pods-Spellbook.release.xcconfig"; sourceTree = "<group>"; };
		0DF5221B80935824219DAAC6 /* Pods-SpellbookTests.release.xcconfig */ = {isa = PBXFileReference; includeInIndex = 1; lastKnownFileType = text.xcconfig; name = "Pods-SpellbookTests.release.xcconfig"; path = "Pods/Target Support Files/Pods-SpellbookTests/Pods-SpellbookTests.release.xcconfig"; sourceTree = "<group>"; };
		1EE6D3421F51DAEE00157EA7 /* Spellbook.app */ = {isa = PBXFileReference; explicitFileType = wrapper.application; includeInIndex = 0; path = Spellbook.app; sourceTree = BUILT_PRODUCTS_DIR; };
		1EE6D3451F51DAEE00157EA7 /* AppDelegate.swift */ = {isa = PBXFileReference; lastKnownFileType = sourcecode.swift; path = AppDelegate.swift; sourceTree = "<group>"; };
		1EE6D3471F51DAEE00157EA7 /* ViewController.swift */ = {isa = PBXFileReference; lastKnownFileType = sourcecode.swift; path = ViewController.swift; sourceTree = "<group>"; };
		1EE6D34A1F51DAEE00157EA7 /* Base */ = {isa = PBXFileReference; lastKnownFileType = file.storyboard; name = Base; path = Base.lproj/Main.storyboard; sourceTree = "<group>"; };
		1EE6D34C1F51DAEE00157EA7 /* Assets.xcassets */ = {isa = PBXFileReference; lastKnownFileType = folder.assetcatalog; path = Assets.xcassets; sourceTree = "<group>"; };
		1EE6D34F1F51DAEE00157EA7 /* Base */ = {isa = PBXFileReference; lastKnownFileType = file.storyboard; name = Base; path = Base.lproj/LaunchScreen.storyboard; sourceTree = "<group>"; };
		1EE6D3511F51DAEE00157EA7 /* Info.plist */ = {isa = PBXFileReference; lastKnownFileType = text.plist.xml; path = Info.plist; sourceTree = "<group>"; };
		1EE6D3561F51DAEE00157EA7 /* SpellbookTests.xctest */ = {isa = PBXFileReference; explicitFileType = wrapper.cfbundle; includeInIndex = 0; path = SpellbookTests.xctest; sourceTree = BUILT_PRODUCTS_DIR; };
		1EE6D35A1F51DAEE00157EA7 /* SpellbookTests.swift */ = {isa = PBXFileReference; lastKnownFileType = sourcecode.swift; path = SpellbookTests.swift; sourceTree = "<group>"; };
		1EE6D35C1F51DAEE00157EA7 /* Info.plist */ = {isa = PBXFileReference; lastKnownFileType = text.plist.xml; path = Info.plist; sourceTree = "<group>"; };
		1EE6D3611F51DAEE00157EA7 /* SpellbookUITests.xctest */ = {isa = PBXFileReference; explicitFileType = wrapper.cfbundle; includeInIndex = 0; path = SpellbookUITests.xctest; sourceTree = BUILT_PRODUCTS_DIR; };
		1EE6D3651F51DAEE00157EA7 /* SpellbookUITests.swift */ = {isa = PBXFileReference; lastKnownFileType = sourcecode.swift; path = SpellbookUITests.swift; sourceTree = "<group>"; };
		1EE6D3671F51DAEE00157EA7 /* Info.plist */ = {isa = PBXFileReference; lastKnownFileType = text.plist.xml; path = Info.plist; sourceTree = "<group>"; };
		1EE6D3731F51DB5500157EA7 /* Spell.swift */ = {isa = PBXFileReference; fileEncoding = 4; lastKnownFileType = sourcecode.swift; path = Spell.swift; sourceTree = "<group>"; };
		1EE6D3751F51DDD000157EA7 /* DiceRoll.swift */ = {isa = PBXFileReference; fileEncoding = 4; lastKnownFileType = sourcecode.swift; path = DiceRoll.swift; sourceTree = "<group>"; };
		48F70F2DF4E7466DB1417F70 /* Pods-Spellbook.debug.xcconfig */ = {isa = PBXFileReference; includeInIndex = 1; lastKnownFileType = text.xcconfig; name = "Pods-Spellbook.debug.xcconfig"; path = "Pods/Target Support Files/Pods-Spellbook/Pods-Spellbook.debug.xcconfig"; sourceTree = "<group>"; };
		4CBB701E4B52B1A679A9C03F /* Pods_SpellbookTests.framework */ = {isa = PBXFileReference; explicitFileType = wrapper.framework; includeInIndex = 0; path = Pods_SpellbookTests.framework; sourceTree = BUILT_PRODUCTS_DIR; };
		4F58963C78C196E2B07F5384 /* Pods-SpellbookTests.debug.xcconfig */ = {isa = PBXFileReference; includeInIndex = 1; lastKnownFileType = text.xcconfig; name = "Pods-SpellbookTests.debug.xcconfig"; path = "Pods/Target Support Files/Pods-SpellbookTests/Pods-SpellbookTests.debug.xcconfig"; sourceTree = "<group>"; };
		879B7D7B839C9199369D11DA /* Pods-SpellbookUITests.release.xcconfig */ = {isa = PBXFileReference; includeInIndex = 1; lastKnownFileType = text.xcconfig; name = "Pods-SpellbookUITests.release.xcconfig"; path = "Pods/Target Support Files/Pods-SpellbookUITests/Pods-SpellbookUITests.release.xcconfig"; sourceTree = "<group>"; };
		9CE69DE08AE4FE2BDB0A1197 /* Pods_Spellbook.framework */ = {isa = PBXFileReference; explicitFileType = wrapper.framework; includeInIndex = 0; path = Pods_Spellbook.framework; sourceTree = BUILT_PRODUCTS_DIR; };
		A0B8110265EAF2C58658D381 /* Pods_SpellbookUITests.framework */ = {isa = PBXFileReference; explicitFileType = wrapper.framework; includeInIndex = 0; path = Pods_SpellbookUITests.framework; sourceTree = BUILT_PRODUCTS_DIR; };
		B8D617971A89E66EFDC8AB65 /* Pods-SpellbookUITests.debug.xcconfig */ = {isa = PBXFileReference; includeInIndex = 1; lastKnownFileType = text.xcconfig; name = "Pods-SpellbookUITests.debug.xcconfig"; path = "Pods/Target Support Files/Pods-SpellbookUITests/Pods-SpellbookUITests.debug.xcconfig"; sourceTree = "<group>"; };
/* End PBXFileReference section */

/* Begin PBXFrameworksBuildPhase section */
		1EE6D33F1F51DAEE00157EA7 /* Frameworks */ = {
			isa = PBXFrameworksBuildPhase;
			buildActionMask = 2147483647;
			files = (
				3612875D6FE9ED0B35F5D241 /* Pods_Spellbook.framework in Frameworks */,
			);
			runOnlyForDeploymentPostprocessing = 0;
		};
		1EE6D3531F51DAEE00157EA7 /* Frameworks */ = {
			isa = PBXFrameworksBuildPhase;
			buildActionMask = 2147483647;
			files = (
				A68F4C326CB9D146C3E49B42 /* Pods_SpellbookTests.framework in Frameworks */,
			);
			runOnlyForDeploymentPostprocessing = 0;
		};
		1EE6D35E1F51DAEE00157EA7 /* Frameworks */ = {
			isa = PBXFrameworksBuildPhase;
			buildActionMask = 2147483647;
			files = (
				577CAA33A01855A6B033F811 /* Pods_SpellbookUITests.framework in Frameworks */,
			);
			runOnlyForDeploymentPostprocessing = 0;
		};
/* End PBXFrameworksBuildPhase section */

/* Begin PBXGroup section */
		1EE6D3391F51DAEE00157EA7 = {
			isa = PBXGroup;
			children = (
				1EE6D3441F51DAEE00157EA7 /* Spellbook */,
				1EE6D3591F51DAEE00157EA7 /* SpellbookTests */,
				1EE6D3641F51DAEE00157EA7 /* SpellbookUITests */,
				1EE6D3431F51DAEE00157EA7 /* Products */,
				C4575486671E012324B388FD /* Pods */,
				4C97A0A9ACAE27640C7319DC /* Frameworks */,
			);
			sourceTree = "<group>";
		};
		1EE6D3431F51DAEE00157EA7 /* Products */ = {
			isa = PBXGroup;
			children = (
				1EE6D3421F51DAEE00157EA7 /* Spellbook.app */,
				1EE6D3561F51DAEE00157EA7 /* SpellbookTests.xctest */,
				1EE6D3611F51DAEE00157EA7 /* SpellbookUITests.xctest */,
			);
			name = Products;
			sourceTree = "<group>";
		};
		1EE6D3441F51DAEE00157EA7 /* Spellbook */ = {
			isa = PBXGroup;
			children = (
				1EE6D3451F51DAEE00157EA7 /* AppDelegate.swift */,
				1EE6D3471F51DAEE00157EA7 /* ViewController.swift */,
				1EE6D3491F51DAEE00157EA7 /* Main.storyboard */,
				1EE6D34C1F51DAEE00157EA7 /* Assets.xcassets */,
				1EE6D34E1F51DAEE00157EA7 /* LaunchScreen.storyboard */,
				1EE6D3511F51DAEE00157EA7 /* Info.plist */,
				1EE6D3731F51DB5500157EA7 /* Spell.swift */,
				1EE6D3751F51DDD000157EA7 /* DiceRoll.swift */,
			);
			path = Spellbook;
			sourceTree = "<group>";
		};
		1EE6D3591F51DAEE00157EA7 /* SpellbookTests */ = {
			isa = PBXGroup;
			children = (
				1EE6D35A1F51DAEE00157EA7 /* SpellbookTests.swift */,
				1EE6D35C1F51DAEE00157EA7 /* Info.plist */,
			);
			path = SpellbookTests;
			sourceTree = "<group>";
		};
		1EE6D3641F51DAEE00157EA7 /* SpellbookUITests */ = {
			isa = PBXGroup;
			children = (
				1EE6D3651F51DAEE00157EA7 /* SpellbookUITests.swift */,
				1EE6D3671F51DAEE00157EA7 /* Info.plist */,
			);
			path = SpellbookUITests;
			sourceTree = "<group>";
		};
		4C97A0A9ACAE27640C7319DC /* Frameworks */ = {
			isa = PBXGroup;
			children = (
				9CE69DE08AE4FE2BDB0A1197 /* Pods_Spellbook.framework */,
				4CBB701E4B52B1A679A9C03F /* Pods_SpellbookTests.framework */,
				A0B8110265EAF2C58658D381 /* Pods_SpellbookUITests.framework */,
			);
			name = Frameworks;
			sourceTree = "<group>";
		};
		C4575486671E012324B388FD /* Pods */ = {
			isa = PBXGroup;
			children = (
				48F70F2DF4E7466DB1417F70 /* Pods-Spellbook.debug.xcconfig */,
				06AFC3473C65E0D201F7C290 /* Pods-Spellbook.release.xcconfig */,
				4F58963C78C196E2B07F5384 /* Pods-SpellbookTests.debug.xcconfig */,
				0DF5221B80935824219DAAC6 /* Pods-SpellbookTests.release.xcconfig */,
				B8D617971A89E66EFDC8AB65 /* Pods-SpellbookUITests.debug.xcconfig */,
				879B7D7B839C9199369D11DA /* Pods-SpellbookUITests.release.xcconfig */,
			);
			name = Pods;
			sourceTree = "<group>";
		};
/* End PBXGroup section */

/* Begin PBXNativeTarget section */
		1EE6D3411F51DAEE00157EA7 /* Spellbook */ = {
			isa = PBXNativeTarget;
			buildConfigurationList = 1EE6D36A1F51DAEE00157EA7 /* Build configuration list for PBXNativeTarget "Spellbook" */;
			buildPhases = (
				AE012C885470FB6DD47F65B6 /* [CP] Check Pods Manifest.lock */,
				1EE6D33E1F51DAEE00157EA7 /* Sources */,
				1EE6D33F1F51DAEE00157EA7 /* Frameworks */,
				1EE6D3401F51DAEE00157EA7 /* Resources */,
				EE799BA30B4FD3D8A712A4CF /* [CP] Embed Pods Frameworks */,
				6F265A380264C12BCC6D966F /* [CP] Copy Pods Resources */,
			);
			buildRules = (
			);
			dependencies = (
			);
			name = Spellbook;
			productName = Spellbook;
			productReference = 1EE6D3421F51DAEE00157EA7 /* Spellbook.app */;
			productType = "com.apple.product-type.application";
		};
		1EE6D3551F51DAEE00157EA7 /* SpellbookTests */ = {
			isa = PBXNativeTarget;
			buildConfigurationList = 1EE6D36D1F51DAEE00157EA7 /* Build configuration list for PBXNativeTarget "SpellbookTests" */;
			buildPhases = (
				6E19FF5AC97E1ACC137DD926 /* [CP] Check Pods Manifest.lock */,
				1EE6D3521F51DAEE00157EA7 /* Sources */,
				1EE6D3531F51DAEE00157EA7 /* Frameworks */,
				1EE6D3541F51DAEE00157EA7 /* Resources */,
				6F8B4E9F9F01C7D8201A1B70 /* [CP] Embed Pods Frameworks */,
				939672F2CF3B1B2A8AB55B54 /* [CP] Copy Pods Resources */,
			);
			buildRules = (
			);
			dependencies = (
				1EE6D3581F51DAEE00157EA7 /* PBXTargetDependency */,
			);
			name = SpellbookTests;
			productName = SpellbookTests;
			productReference = 1EE6D3561F51DAEE00157EA7 /* SpellbookTests.xctest */;
			productType = "com.apple.product-type.bundle.unit-test";
		};
		1EE6D3601F51DAEE00157EA7 /* SpellbookUITests */ = {
			isa = PBXNativeTarget;
			buildConfigurationList = 1EE6D3701F51DAEE00157EA7 /* Build configuration list for PBXNativeTarget "SpellbookUITests" */;
			buildPhases = (
				1334948D37459182515BFC96 /* [CP] Check Pods Manifest.lock */,
				1EE6D35D1F51DAEE00157EA7 /* Sources */,
				1EE6D35E1F51DAEE00157EA7 /* Frameworks */,
				1EE6D35F1F51DAEE00157EA7 /* Resources */,
				794E36EE03D752B2058DCC11 /* [CP] Embed Pods Frameworks */,
				F7C92737CD661738170FE541 /* [CP] Copy Pods Resources */,
			);
			buildRules = (
			);
			dependencies = (
				1EE6D3631F51DAEE00157EA7 /* PBXTargetDependency */,
			);
			name = SpellbookUITests;
			productName = SpellbookUITests;
			productReference = 1EE6D3611F51DAEE00157EA7 /* SpellbookUITests.xctest */;
			productType = "com.apple.product-type.bundle.ui-testing";
		};
/* End PBXNativeTarget section */

/* Begin PBXProject section */
		1EE6D33A1F51DAEE00157EA7 /* Project object */ = {
			isa = PBXProject;
			attributes = {
				LastSwiftUpdateCheck = 0830;
				LastUpgradeCheck = 0830;
				ORGANIZATIONNAME = "Elijah Gavett";
				TargetAttributes = {
					1EE6D3411F51DAEE00157EA7 = {
						CreatedOnToolsVersion = 8.3.3;
						ProvisioningStyle = Automatic;
					};
					1EE6D3551F51DAEE00157EA7 = {
						CreatedOnToolsVersion = 8.3.3;
						ProvisioningStyle = Automatic;
						TestTargetID = 1EE6D3411F51DAEE00157EA7;
					};
					1EE6D3601F51DAEE00157EA7 = {
						CreatedOnToolsVersion = 8.3.3;
						ProvisioningStyle = Automatic;
						TestTargetID = 1EE6D3411F51DAEE00157EA7;
					};
				};
			};
			buildConfigurationList = 1EE6D33D1F51DAEE00157EA7 /* Build configuration list for PBXProject "Spellbook" */;
			compatibilityVersion = "Xcode 3.2";
			developmentRegion = English;
			hasScannedForEncodings = 0;
			knownRegions = (
				en,
				Base,
			);
			mainGroup = 1EE6D3391F51DAEE00157EA7;
			productRefGroup = 1EE6D3431F51DAEE00157EA7 /* Products */;
			projectDirPath = "";
			projectRoot = "";
			targets = (
				1EE6D3411F51DAEE00157EA7 /* Spellbook */,
				1EE6D3551F51DAEE00157EA7 /* SpellbookTests */,
				1EE6D3601F51DAEE00157EA7 /* SpellbookUITests */,
			);
		};
/* End PBXProject section */

/* Begin PBXResourcesBuildPhase section */
		1EE6D3401F51DAEE00157EA7 /* Resources */ = {
			isa = PBXResourcesBuildPhase;
			buildActionMask = 2147483647;
			files = (
				1EE6D3501F51DAEE00157EA7 /* LaunchScreen.storyboard in Resources */,
				1EE6D34D1F51DAEE00157EA7 /* Assets.xcassets in Resources */,
				1EE6D34B1F51DAEE00157EA7 /* Main.storyboard in Resources */,
			);
			runOnlyForDeploymentPostprocessing = 0;
		};
		1EE6D3541F51DAEE00157EA7 /* Resources */ = {
			isa = PBXResourcesBuildPhase;
			buildActionMask = 2147483647;
			files = (
			);
			runOnlyForDeploymentPostprocessing = 0;
		};
		1EE6D35F1F51DAEE00157EA7 /* Resources */ = {
			isa = PBXResourcesBuildPhase;
			buildActionMask = 2147483647;
			files = (
			);
			runOnlyForDeploymentPostprocessing = 0;
		};
/* End PBXResourcesBuildPhase section */

/* Begin PBXShellScriptBuildPhase section */
		1334948D37459182515BFC96 /* [CP] Check Pods Manifest.lock */ = {
			isa = PBXShellScriptBuildPhase;
			buildActionMask = 2147483647;
			files = (
			);
			inputPaths = (
				"${PODS_PODFILE_DIR_PATH}/Podfile.lock",
				"${PODS_ROOT}/Manifest.lock",
			);
			name = "[CP] Check Pods Manifest.lock";
			outputPaths = (
				"$(DERIVED_FILE_DIR)/Pods-SpellbookUITests-checkManifestLockResult.txt",
			);
			runOnlyForDeploymentPostprocessing = 0;
			shellPath = /bin/sh;
			shellScript = "diff \"${PODS_PODFILE_DIR_PATH}/Podfile.lock\" \"${PODS_ROOT}/Manifest.lock\" > /dev/null\nif [ $? != 0 ] ; then\n    # print error to STDERR\n    echo \"error: The sandbox is not in sync with the Podfile.lock. Run 'pod install' or update your CocoaPods installation.\" >&2\n    exit 1\nfi\n# This output is used by Xcode 'outputs' to avoid re-running this script phase.\necho \"SUCCESS\" > \"${SCRIPT_OUTPUT_FILE_0}\"\n";
			showEnvVarsInLog = 0;
		};
		6E19FF5AC97E1ACC137DD926 /* [CP] Check Pods Manifest.lock */ = {
			isa = PBXShellScriptBuildPhase;
			buildActionMask = 2147483647;
			files = (
			);
			inputPaths = (
				"${PODS_PODFILE_DIR_PATH}/Podfile.lock",
				"${PODS_ROOT}/Manifest.lock",
			);
			name = "[CP] Check Pods Manifest.lock";
			outputPaths = (
				"$(DERIVED_FILE_DIR)/Pods-SpellbookTests-checkManifestLockResult.txt",
			);
			runOnlyForDeploymentPostprocessing = 0;
			shellPath = /bin/sh;
			shellScript = "diff \"${PODS_PODFILE_DIR_PATH}/Podfile.lock\" \"${PODS_ROOT}/Manifest.lock\" > /dev/null\nif [ $? != 0 ] ; then\n    # print error to STDERR\n    echo \"error: The sandbox is not in sync with the Podfile.lock. Run 'pod install' or update your CocoaPods installation.\" >&2\n    exit 1\nfi\n# This output is used by Xcode 'outputs' to avoid re-running this script phase.\necho \"SUCCESS\" > \"${SCRIPT_OUTPUT_FILE_0}\"\n";
			showEnvVarsInLog = 0;
		};
		6F265A380264C12BCC6D966F /* [CP] Copy Pods Resources */ = {
			isa = PBXShellScriptBuildPhase;
			buildActionMask = 2147483647;
			files = (
			);
			inputPaths = (
			);
			name = "[CP] Copy Pods Resources";
			outputPaths = (
			);
			runOnlyForDeploymentPostprocessing = 0;
			shellPath = /bin/sh;
			shellScript = "\"${SRCROOT}/Pods/Target Support Files/Pods-Spellbook/Pods-Spellbook-resources.sh\"\n";
			showEnvVarsInLog = 0;
		};
		6F8B4E9F9F01C7D8201A1B70 /* [CP] Embed Pods Frameworks */ = {
			isa = PBXShellScriptBuildPhase;
			buildActionMask = 2147483647;
			files = (
			);
			inputPaths = (
			);
			name = "[CP] Embed Pods Frameworks";
			outputPaths = (
			);
			runOnlyForDeploymentPostprocessing = 0;
			shellPath = /bin/sh;
			shellScript = "\"${SRCROOT}/Pods/Target Support Files/Pods-SpellbookTests/Pods-SpellbookTests-frameworks.sh\"\n";
			showEnvVarsInLog = 0;
		};
		794E36EE03D752B2058DCC11 /* [CP] Embed Pods Frameworks */ = {
			isa = PBXShellScriptBuildPhase;
			buildActionMask = 2147483647;
			files = (
			);
			inputPaths = (
			);
			name = "[CP] Embed Pods Frameworks";
			outputPaths = (
			);
			runOnlyForDeploymentPostprocessing = 0;
			shellPath = /bin/sh;
			shellScript = "\"${SRCROOT}/Pods/Target Support Files/Pods-SpellbookUITests/Pods-SpellbookUITests-frameworks.sh\"\n";
			showEnvVarsInLog = 0;
		};
		939672F2CF3B1B2A8AB55B54 /* [CP] Copy Pods Resources */ = {
			isa = PBXShellScriptBuildPhase;
			buildActionMask = 2147483647;
			files = (
			);
			inputPaths = (
			);
			name = "[CP] Copy Pods Resources";
			outputPaths = (
			);
			runOnlyForDeploymentPostprocessing = 0;
			shellPath = /bin/sh;
			shellScript = "\"${SRCROOT}/Pods/Target Support Files/Pods-SpellbookTests/Pods-SpellbookTests-resources.sh\"\n";
			showEnvVarsInLog = 0;
		};
		AE012C885470FB6DD47F65B6 /* [CP] Check Pods Manifest.lock */ = {
			isa = PBXShellScriptBuildPhase;
			buildActionMask = 2147483647;
			files = (
			);
			inputPaths = (
				"${PODS_PODFILE_DIR_PATH}/Podfile.lock",
				"${PODS_ROOT}/Manifest.lock",
			);
			name = "[CP] Check Pods Manifest.lock";
			outputPaths = (
				"$(DERIVED_FILE_DIR)/Pods-Spellbook-checkManifestLockResult.txt",
			);
			runOnlyForDeploymentPostprocessing = 0;
			shellPath = /bin/sh;
			shellScript = "diff \"${PODS_PODFILE_DIR_PATH}/Podfile.lock\" \"${PODS_ROOT}/Manifest.lock\" > /dev/null\nif [ $? != 0 ] ; then\n    # print error to STDERR\n    echo \"error: The sandbox is not in sync with the Podfile.lock. Run 'pod install' or update your CocoaPods installation.\" >&2\n    exit 1\nfi\n# This output is used by Xcode 'outputs' to avoid re-running this script phase.\necho \"SUCCESS\" > \"${SCRIPT_OUTPUT_FILE_0}\"\n";
			showEnvVarsInLog = 0;
		};
		EE799BA30B4FD3D8A712A4CF /* [CP] Embed Pods Frameworks */ = {
			isa = PBXShellScriptBuildPhase;
			buildActionMask = 2147483647;
			files = (
			);
			inputPaths = (
				"${SRCROOT}/Pods/Target Support Files/Pods-Spellbook/Pods-Spellbook-frameworks.sh",
				"${BUILT_PRODUCTS_DIR}/PureLayout/PureLayout.framework",
				"${BUILT_PRODUCTS_DIR}/Realm/Realm.framework",
				"${BUILT_PRODUCTS_DIR}/RealmSwift/RealmSwift.framework",
				"${BUILT_PRODUCTS_DIR}/SQLite.swift/SQLite.framework",
			);
			name = "[CP] Embed Pods Frameworks";
			outputPaths = (
				"${TARGET_BUILD_DIR}/${FRAMEWORKS_FOLDER_PATH}/PureLayout.framework",
				"${TARGET_BUILD_DIR}/${FRAMEWORKS_FOLDER_PATH}/Realm.framework",
				"${TARGET_BUILD_DIR}/${FRAMEWORKS_FOLDER_PATH}/RealmSwift.framework",
				"${TARGET_BUILD_DIR}/${FRAMEWORKS_FOLDER_PATH}/SQLite.framework",
			);
			runOnlyForDeploymentPostprocessing = 0;
			shellPath = /bin/sh;
			shellScript = "\"${SRCROOT}/Pods/Target Support Files/Pods-Spellbook/Pods-Spellbook-frameworks.sh\"\n";
			showEnvVarsInLog = 0;
		};
		F7C92737CD661738170FE541 /* [CP] Copy Pods Resources */ = {
			isa = PBXShellScriptBuildPhase;
			buildActionMask = 2147483647;
			files = (
			);
			inputPaths = (
			);
			name = "[CP] Copy Pods Resources";
			outputPaths = (
			);
			runOnlyForDeploymentPostprocessing = 0;
			shellPath = /bin/sh;
			shellScript = "\"${SRCROOT}/Pods/Target Support Files/Pods-SpellbookUITests/Pods-SpellbookUITests-resources.sh\"\n";
			showEnvVarsInLog = 0;
		};
/* End PBXShellScriptBuildPhase section */

/* Begin PBXSourcesBuildPhase section */
		1EE6D33E1F51DAEE00157EA7 /* Sources */ = {
			isa = PBXSourcesBuildPhase;
			buildActionMask = 2147483647;
			files = (
				1EE6D3481F51DAEE00157EA7 /* ViewController.swift in Sources */,
				1EE6D3461F51DAEE00157EA7 /* AppDelegate.swift in Sources */,
				1EE6D3741F51DB5500157EA7 /* Spell.swift in Sources */,
				1EE6D3761F51DDD000157EA7 /* DiceRoll.swift in Sources */,
			);
			runOnlyForDeploymentPostprocessing = 0;
		};
		1EE6D3521F51DAEE00157EA7 /* Sources */ = {
			isa = PBXSourcesBuildPhase;
			buildActionMask = 2147483647;
			files = (
				1EE6D35B1F51DAEE00157EA7 /* SpellbookTests.swift in Sources */,
			);
			runOnlyForDeploymentPostprocessing = 0;
		};
		1EE6D35D1F51DAEE00157EA7 /* Sources */ = {
			isa = PBXSourcesBuildPhase;
			buildActionMask = 2147483647;
			files = (
				1EE6D3661F51DAEE00157EA7 /* SpellbookUITests.swift in Sources */,
			);
			runOnlyForDeploymentPostprocessing = 0;
		};
/* End PBXSourcesBuildPhase section */

/* Begin PBXTargetDependency section */
		1EE6D3581F51DAEE00157EA7 /* PBXTargetDependency */ = {
			isa = PBXTargetDependency;
			target = 1EE6D3411F51DAEE00157EA7 /* Spellbook */;
			targetProxy = 1EE6D3571F51DAEE00157EA7 /* PBXContainerItemProxy */;
		};
		1EE6D3631F51DAEE00157EA7 /* PBXTargetDependency */ = {
			isa = PBXTargetDependency;
			target = 1EE6D3411F51DAEE00157EA7 /* Spellbook */;
			targetProxy = 1EE6D3621F51DAEE00157EA7 /* PBXContainerItemProxy */;
		};
/* End PBXTargetDependency section */

/* Begin PBXVariantGroup section */
		1EE6D3491F51DAEE00157EA7 /* Main.storyboard */ = {
			isa = PBXVariantGroup;
			children = (
				1EE6D34A1F51DAEE00157EA7 /* Base */,
			);
			name = Main.storyboard;
			sourceTree = "<group>";
		};
		1EE6D34E1F51DAEE00157EA7 /* LaunchScreen.storyboard */ = {
			isa = PBXVariantGroup;
			children = (
				1EE6D34F1F51DAEE00157EA7 /* Base */,
			);
			name = LaunchScreen.storyboard;
			sourceTree = "<group>";
		};
/* End PBXVariantGroup section */

/* Begin XCBuildConfiguration section */
		1EE6D3681F51DAEE00157EA7 /* Debug */ = {
			isa = XCBuildConfiguration;
			buildSettings = {
				ALWAYS_SEARCH_USER_PATHS = NO;
				CLANG_ANALYZER_NONNULL = YES;
				CLANG_ANALYZER_NUMBER_OBJECT_CONVERSION = YES_AGGRESSIVE;
				CLANG_CXX_LANGUAGE_STANDARD = "gnu++0x";
				CLANG_CXX_LIBRARY = "libc++";
				CLANG_ENABLE_MODULES = YES;
				CLANG_ENABLE_OBJC_ARC = YES;
				CLANG_WARN_BOOL_CONVERSION = YES;
				CLANG_WARN_CONSTANT_CONVERSION = YES;
				CLANG_WARN_DIRECT_OBJC_ISA_USAGE = YES_ERROR;
				CLANG_WARN_DOCUMENTATION_COMMENTS = YES;
				CLANG_WARN_EMPTY_BODY = YES;
				CLANG_WARN_ENUM_CONVERSION = YES;
				CLANG_WARN_INFINITE_RECURSION = YES;
				CLANG_WARN_INT_CONVERSION = YES;
				CLANG_WARN_OBJC_ROOT_CLASS = YES_ERROR;
				CLANG_WARN_SUSPICIOUS_MOVE = YES;
				CLANG_WARN_UNREACHABLE_CODE = YES;
				CLANG_WARN__DUPLICATE_METHOD_MATCH = YES;
				"CODE_SIGN_IDENTITY[sdk=iphoneos*]" = "iPhone Developer";
				COPY_PHASE_STRIP = NO;
				DEBUG_INFORMATION_FORMAT = dwarf;
				ENABLE_STRICT_OBJC_MSGSEND = YES;
				ENABLE_TESTABILITY = YES;
				GCC_C_LANGUAGE_STANDARD = gnu99;
				GCC_DYNAMIC_NO_PIC = NO;
				GCC_NO_COMMON_BLOCKS = YES;
				GCC_OPTIMIZATION_LEVEL = 0;
				GCC_PREPROCESSOR_DEFINITIONS = (
					"DEBUG=1",
					"$(inherited)",
				);
				GCC_WARN_64_TO_32_BIT_CONVERSION = YES;
				GCC_WARN_ABOUT_RETURN_TYPE = YES_ERROR;
				GCC_WARN_UNDECLARED_SELECTOR = YES;
				GCC_WARN_UNINITIALIZED_AUTOS = YES_AGGRESSIVE;
				GCC_WARN_UNUSED_FUNCTION = YES;
				GCC_WARN_UNUSED_VARIABLE = YES;
				IPHONEOS_DEPLOYMENT_TARGET = 10.3;
				MTL_ENABLE_DEBUG_INFO = YES;
				ONLY_ACTIVE_ARCH = YES;
				SDKROOT = iphoneos;
				SWIFT_ACTIVE_COMPILATION_CONDITIONS = DEBUG;
				SWIFT_OPTIMIZATION_LEVEL = "-Onone";
				TARGETED_DEVICE_FAMILY = "1,2";
			};
			name = Debug;
		};
		1EE6D3691F51DAEE00157EA7 /* Release */ = {
			isa = XCBuildConfiguration;
			buildSettings = {
				ALWAYS_SEARCH_USER_PATHS = NO;
				CLANG_ANALYZER_NONNULL = YES;
				CLANG_ANALYZER_NUMBER_OBJECT_CONVERSION = YES_AGGRESSIVE;
				CLANG_CXX_LANGUAGE_STANDARD = "gnu++0x";
				CLANG_CXX_LIBRARY = "libc++";
				CLANG_ENABLE_MODULES = YES;
				CLANG_ENABLE_OBJC_ARC = YES;
				CLANG_WARN_BOOL_CONVERSION = YES;
				CLANG_WARN_CONSTANT_CONVERSION = YES;
				CLANG_WARN_DIRECT_OBJC_ISA_USAGE = YES_ERROR;
				CLANG_WARN_DOCUMENTATION_COMMENTS = YES;
				CLANG_WARN_EMPTY_BODY = YES;
				CLANG_WARN_ENUM_CONVERSION = YES;
				CLANG_WARN_INFINITE_RECURSION = YES;
				CLANG_WARN_INT_CONVERSION = YES;
				CLANG_WARN_OBJC_ROOT_CLASS = YES_ERROR;
				CLANG_WARN_SUSPICIOUS_MOVE = YES;
				CLANG_WARN_UNREACHABLE_CODE = YES;
				CLANG_WARN__DUPLICATE_METHOD_MATCH = YES;
				"CODE_SIGN_IDENTITY[sdk=iphoneos*]" = "iPhone Developer";
				COPY_PHASE_STRIP = NO;
				DEBUG_INFORMATION_FORMAT = "dwarf-with-dsym";
				ENABLE_NS_ASSERTIONS = NO;
				ENABLE_STRICT_OBJC_MSGSEND = YES;
				GCC_C_LANGUAGE_STANDARD = gnu99;
				GCC_NO_COMMON_BLOCKS = YES;
				GCC_WARN_64_TO_32_BIT_CONVERSION = YES;
				GCC_WARN_ABOUT_RETURN_TYPE = YES_ERROR;
				GCC_WARN_UNDECLARED_SELECTOR = YES;
				GCC_WARN_UNINITIALIZED_AUTOS = YES_AGGRESSIVE;
				GCC_WARN_UNUSED_FUNCTION = YES;
				GCC_WARN_UNUSED_VARIABLE = YES;
				IPHONEOS_DEPLOYMENT_TARGET = 10.3;
				MTL_ENABLE_DEBUG_INFO = NO;
				SDKROOT = iphoneos;
				SWIFT_OPTIMIZATION_LEVEL = "-Owholemodule";
				TARGETED_DEVICE_FAMILY = "1,2";
				VALIDATE_PRODUCT = YES;
			};
			name = Release;
		};
		1EE6D36B1F51DAEE00157EA7 /* Debug */ = {
			isa = XCBuildConfiguration;
			baseConfigurationReference = 48F70F2DF4E7466DB1417F70 /* Pods-Spellbook.debug.xcconfig */;
			buildSettings = {
				ASSETCATALOG_COMPILER_APPICON_NAME = AppIcon;
				INFOPLIST_FILE = Spellbook/Info.plist;
				LD_RUNPATH_SEARCH_PATHS = "$(inherited) @executable_path/Frameworks";
				PRODUCT_BUNDLE_IDENTIFIER = com.egavett.Spellbook;
				PRODUCT_NAME = "$(TARGET_NAME)";
				SWIFT_VERSION = 3.0;
			};
			name = Debug;
		};
		1EE6D36C1F51DAEE00157EA7 /* Release */ = {
			isa = XCBuildConfiguration;
			baseConfigurationReference = 06AFC3473C65E0D201F7C290 /* Pods-Spellbook.release.xcconfig */;
			buildSettings = {
				ASSETCATALOG_COMPILER_APPICON_NAME = AppIcon;
				INFOPLIST_FILE = Spellbook/Info.plist;
				LD_RUNPATH_SEARCH_PATHS = "$(inherited) @executable_path/Frameworks";
				PRODUCT_BUNDLE_IDENTIFIER = com.egavett.Spellbook;
				PRODUCT_NAME = "$(TARGET_NAME)";
				SWIFT_VERSION = 3.0;
			};
			name = Release;
		};
		1EE6D36E1F51DAEE00157EA7 /* Debug */ = {
			isa = XCBuildConfiguration;
			baseConfigurationReference = 4F58963C78C196E2B07F5384 /* Pods-SpellbookTests.debug.xcconfig */;
			buildSettings = {
				ALWAYS_EMBED_SWIFT_STANDARD_LIBRARIES = YES;
				BUNDLE_LOADER = "$(TEST_HOST)";
				INFOPLIST_FILE = SpellbookTests/Info.plist;
				LD_RUNPATH_SEARCH_PATHS = "$(inherited) @executable_path/Frameworks @loader_path/Frameworks";
				PRODUCT_BUNDLE_IDENTIFIER = com.egavett.SpellbookTests;
				PRODUCT_NAME = "$(TARGET_NAME)";
				SWIFT_VERSION = 3.0;
				TEST_HOST = "$(BUILT_PRODUCTS_DIR)/Spellbook.app/Spellbook";
			};
			name = Debug;
		};
		1EE6D36F1F51DAEE00157EA7 /* Release */ = {
			isa = XCBuildConfiguration;
			baseConfigurationReference = 0DF5221B80935824219DAAC6 /* Pods-SpellbookTests.release.xcconfig */;
			buildSettings = {
				ALWAYS_EMBED_SWIFT_STANDARD_LIBRARIES = YES;
				BUNDLE_LOADER = "$(TEST_HOST)";
				INFOPLIST_FILE = SpellbookTests/Info.plist;
				LD_RUNPATH_SEARCH_PATHS = "$(inherited) @executable_path/Frameworks @loader_path/Frameworks";
				PRODUCT_BUNDLE_IDENTIFIER = com.egavett.SpellbookTests;
				PRODUCT_NAME = "$(TARGET_NAME)";
				SWIFT_VERSION = 3.0;
				TEST_HOST = "$(BUILT_PRODUCTS_DIR)/Spellbook.app/Spellbook";
			};
			name = Release;
		};
		1EE6D3711F51DAEE00157EA7 /* Debug */ = {
			isa = XCBuildConfiguration;
			baseConfigurationReference = B8D617971A89E66EFDC8AB65 /* Pods-SpellbookUITests.debug.xcconfig */;
			buildSettings = {
				ALWAYS_EMBED_SWIFT_STANDARD_LIBRARIES = YES;
				INFOPLIST_FILE = SpellbookUITests/Info.plist;
				LD_RUNPATH_SEARCH_PATHS = "$(inherited) @executable_path/Frameworks @loader_path/Frameworks";
				PRODUCT_BUNDLE_IDENTIFIER = com.egavett.SpellbookUITests;
				PRODUCT_NAME = "$(TARGET_NAME)";
				SWIFT_VERSION = 3.0;
				TEST_TARGET_NAME = Spellbook;
			};
			name = Debug;
		};
		1EE6D3721F51DAEE00157EA7 /* Release */ = {
			isa = XCBuildConfiguration;
			baseConfigurationReference = 879B7D7B839C9199369D11DA /* Pods-SpellbookUITests.release.xcconfig */;
			buildSettings = {
				ALWAYS_EMBED_SWIFT_STANDARD_LIBRARIES = YES;
				INFOPLIST_FILE = SpellbookUITests/Info.plist;
				LD_RUNPATH_SEARCH_PATHS = "$(inherited) @executable_path/Frameworks @loader_path/Frameworks";
				PRODUCT_BUNDLE_IDENTIFIER = com.egavett.SpellbookUITests;
				PRODUCT_NAME = "$(TARGET_NAME)";
				SWIFT_VERSION = 3.0;
				TEST_TARGET_NAME = Spellbook;
			};
			name = Release;
		};
/* End XCBuildConfiguration section */

/* Begin XCConfigurationList section */
		1EE6D33D1F51DAEE00157EA7 /* Build configuration list for PBXProject "Spellbook" */ = {
			isa = XCConfigurationList;
			buildConfigurations = (
				1EE6D3681F51DAEE00157EA7 /* Debug */,
				1EE6D3691F51DAEE00157EA7 /* Release */,
			);
			defaultConfigurationIsVisible = 0;
			defaultConfigurationName = Release;
		};
		1EE6D36A1F51DAEE00157EA7 /* Build configuration list for PBXNativeTarget "Spellbook" */ = {
			isa = XCConfigurationList;
			buildConfigurations = (
				1EE6D36B1F51DAEE00157EA7 /* Debug */,
				1EE6D36C1F51DAEE00157EA7 /* Release */,
			);
			defaultConfigurationIsVisible = 0;
			defaultConfigurationName = Release;
		};
		1EE6D36D1F51DAEE00157EA7 /* Build configuration list for PBXNativeTarget "SpellbookTests" */ = {
			isa = XCConfigurationList;
			buildConfigurations = (
				1EE6D36E1F51DAEE00157EA7 /* Debug */,
				1EE6D36F1F51DAEE00157EA7 /* Release */,
			);
			defaultConfigurationIsVisible = 0;
			defaultConfigurationName = Release;
		};
		1EE6D3701F51DAEE00157EA7 /* Build configuration list for PBXNativeTarget "SpellbookUITests" */ = {
			isa = XCConfigurationList;
			buildConfigurations = (
				1EE6D3711F51DAEE00157EA7 /* Debug */,
				1EE6D3721F51DAEE00157EA7 /* Release */,
			);
			defaultConfigurationIsVisible = 0;
			defaultConfigurationName = Release;
		};
/* End XCConfigurationList section */
	};
	rootObject = 1EE6D33A1F51DAEE00157EA7 /* Project object */;
}
